// !$*UTF8*$!
{
	archiveVersion = 1;
	classes = {
	};
	objectVersion = 50;
	objects = {

/* Begin PBXBuildFile section */
		A5F35D9722C0E15200FFD858 /* AppDelegate.swift in Sources */ = {isa = PBXBuildFile; fileRef = A5F35D9622C0E15200FFD858 /* AppDelegate.swift */; };
		A5F35D9922C0E15200FFD858 /* ViewController.swift in Sources */ = {isa = PBXBuildFile; fileRef = A5F35D9822C0E15200FFD858 /* ViewController.swift */; };
		A5F35D9E22C0E15500FFD858 /* Assets.xcassets in Resources */ = {isa = PBXBuildFile; fileRef = A5F35D9D22C0E15500FFD858 /* Assets.xcassets */; };
		A5F35DA122C0E15500FFD858 /* LaunchScreen.storyboard in Resources */ = {isa = PBXBuildFile; fileRef = A5F35D9F22C0E15500FFD858 /* LaunchScreen.storyboard */; };
		A5F35DA922C0E1E300FFD858 /* BottomSlideMenuViewController.swift in Sources */ = {isa = PBXBuildFile; fileRef = A5F35DA822C0E1E300FFD858 /* BottomSlideMenuViewController.swift */; };
		A5F35DAB22C0F2B500FFD858 /* BottomSlideMenuViewController.xib in Resources */ = {isa = PBXBuildFile; fileRef = A5F35DAA22C0F2B500FFD858 /* BottomSlideMenuViewController.xib */; };
		A5F35DAE22C0F2BE00FFD858 /* Main.storyboard in Resources */ = {isa = PBXBuildFile; fileRef = A5F35DAC22C0F2BE00FFD858 /* Main.storyboard */; };
		A5F35DB222C35EAD00FFD858 /* BottomSlideMenu.swift in Sources */ = {isa = PBXBuildFile; fileRef = A5F35DB122C35EAD00FFD858 /* BottomSlideMenu.swift */; };
/* End PBXBuildFile section */

/* Begin PBXFileReference section */
		A5F35D9322C0E15200FFD858 /* BottomSlideMenu.app */ = {isa = PBXFileReference; explicitFileType = wrapper.application; includeInIndex = 0; path = BottomSlideMenu.app; sourceTree = BUILT_PRODUCTS_DIR; };
		A5F35D9622C0E15200FFD858 /* AppDelegate.swift */ = {isa = PBXFileReference; lastKnownFileType = sourcecode.swift; path = AppDelegate.swift; sourceTree = "<group>"; };
		A5F35D9822C0E15200FFD858 /* ViewController.swift */ = {isa = PBXFileReference; lastKnownFileType = sourcecode.swift; path = ViewController.swift; sourceTree = "<group>"; };
		A5F35D9D22C0E15500FFD858 /* Assets.xcassets */ = {isa = PBXFileReference; lastKnownFileType = folder.assetcatalog; path = Assets.xcassets; sourceTree = "<group>"; };
		A5F35DA022C0E15500FFD858 /* Base */ = {isa = PBXFileReference; lastKnownFileType = file.storyboard; name = Base; path = Base.lproj/LaunchScreen.storyboard; sourceTree = "<group>"; };
		A5F35DA222C0E15500FFD858 /* Info.plist */ = {isa = PBXFileReference; lastKnownFileType = text.plist.xml; path = Info.plist; sourceTree = "<group>"; };
		A5F35DA822C0E1E300FFD858 /* BottomSlideMenuViewController.swift */ = {isa = PBXFileReference; lastKnownFileType = sourcecode.swift; path = BottomSlideMenuViewController.swift; sourceTree = "<group>"; };
		A5F35DAA22C0F2B500FFD858 /* BottomSlideMenuViewController.xib */ = {isa = PBXFileReference; fileEncoding = 4; lastKnownFileType = file.xib; path = BottomSlideMenuViewController.xib; sourceTree = "<group>"; };
		A5F35DAD22C0F2BE00FFD858 /* Base */ = {isa = PBXFileReference; lastKnownFileType = file.storyboard; name = Base; path = Base.lproj/Main.storyboard; sourceTree = "<group>"; };
		A5F35DB122C35EAD00FFD858 /* BottomSlideMenu.swift */ = {isa = PBXFileReference; lastKnownFileType = sourcecode.swift; path = BottomSlideMenu.swift; sourceTree = "<group>"; };
/* End PBXFileReference section */

/* Begin PBXFrameworksBuildPhase section */
		A5F35D9022C0E15200FFD858 /* Frameworks */ = {
			isa = PBXFrameworksBuildPhase;
			buildActionMask = 2147483647;
			files = (
			);
			runOnlyForDeploymentPostprocessing = 0;
		};
/* End PBXFrameworksBuildPhase section */

/* Begin PBXGroup section */
		A5F35D8A22C0E15200FFD858 = {
			isa = PBXGroup;
			children = (
				A5F35D9522C0E15200FFD858 /* BottomSlideMenu */,
				A5F35D9422C0E15200FFD858 /* Products */,
			);
			sourceTree = "<group>";
		};
		A5F35D9422C0E15200FFD858 /* Products */ = {
			isa = PBXGroup;
			children = (
				A5F35D9322C0E15200FFD858 /* BottomSlideMenu.app */,
			);
			name = Products;
			sourceTree = "<group>";
		};
		A5F35D9522C0E15200FFD858 /* BottomSlideMenu */ = {
			isa = PBXGroup;
			children = (
				A5F35D9622C0E15200FFD858 /* AppDelegate.swift */,
				A5F35DAF22C3540400FFD858 /* Views */,
				A5F35DB022C3540F00FFD858 /* Controllers */,
				A5F35DB322C35EB200FFD858 /* Model */,
				A5F35D9D22C0E15500FFD858 /* Assets.xcassets */,
				A5F35DA222C0E15500FFD858 /* Info.plist */,
			);
			path = BottomSlideMenu;
			sourceTree = "<group>";
		};
		A5F35DAF22C3540400FFD858 /* Views */ = {
			isa = PBXGroup;
			children = (
				A5F35DAC22C0F2BE00FFD858 /* Main.storyboard */,
				A5F35DAA22C0F2B500FFD858 /* BottomSlideMenuViewController.xib */,
				A5F35D9F22C0E15500FFD858 /* LaunchScreen.storyboard */,
			);
			path = Views;
			sourceTree = "<group>";
		};
		A5F35DB022C3540F00FFD858 /* Controllers */ = {
			isa = PBXGroup;
			children = (
				A5F35D9822C0E15200FFD858 /* ViewController.swift */,
				A5F35DA822C0E1E300FFD858 /* BottomSlideMenuViewController.swift */,
			);
			path = Controllers;
			sourceTree = "<group>";
		};
		A5F35DB322C35EB200FFD858 /* Model */ = {
			isa = PBXGroup;
			children = (
				A5F35DB122C35EAD00FFD858 /* BottomSlideMenu.swift */,
			);
			path = Model;
			sourceTree = "<group>";
		};
/* End PBXGroup section */

/* Begin PBXNativeTarget section */
		A5F35D9222C0E15200FFD858 /* BottomSlideMenu */ = {
			isa = PBXNativeTarget;
			buildConfigurationList = A5F35DA522C0E15500FFD858 /* Build configuration list for PBXNativeTarget "BottomSlideMenu" */;
			buildPhases = (
				A5F35D8F22C0E15200FFD858 /* Sources */,
				A5F35D9022C0E15200FFD858 /* Frameworks */,
				A5F35D9122C0E15200FFD858 /* Resources */,
			);
			buildRules = (
			);
			dependencies = (
			);
			name = BottomSlideMenu;
			productName = BottomSlideMenu;
			productReference = A5F35D9322C0E15200FFD858 /* BottomSlideMenu.app */;
			productType = "com.apple.product-type.application";
		};
/* End PBXNativeTarget section */

/* Begin PBXProject section */
		A5F35D8B22C0E15200FFD858 /* Project object */ = {
			isa = PBXProject;
			attributes = {
				LastSwiftUpdateCheck = 1020;
				LastUpgradeCheck = 1020;
				ORGANIZATIONNAME = "Даниил";
				TargetAttributes = {
					A5F35D9222C0E15200FFD858 = {
						CreatedOnToolsVersion = 10.2.1;
					};
				};
			};
			buildConfigurationList = A5F35D8E22C0E15200FFD858 /* Build configuration list for PBXProject "BottomSlideMenu" */;
			compatibilityVersion = "Xcode 9.3";
			developmentRegion = en;
			hasScannedForEncodings = 0;
			knownRegions = (
				en,
				Base,
			);
			mainGroup = A5F35D8A22C0E15200FFD858;
			productRefGroup = A5F35D9422C0E15200FFD858 /* Products */;
			projectDirPath = "";
			projectRoot = "";
			targets = (
				A5F35D9222C0E15200FFD858 /* BottomSlideMenu */,
			);
		};
/* End PBXProject section */

/* Begin PBXResourcesBuildPhase section */
		A5F35D9122C0E15200FFD858 /* Resources */ = {
			isa = PBXResourcesBuildPhase;
			buildActionMask = 2147483647;
			files = (
				A5F35DAB22C0F2B500FFD858 /* BottomSlideMenuViewController.xib in Resources */,
				A5F35DA122C0E15500FFD858 /* LaunchScreen.storyboard in Resources */,
				A5F35D9E22C0E15500FFD858 /* Assets.xcassets in Resources */,
				A5F35DAE22C0F2BE00FFD858 /* Main.storyboard in Resources */,
			);
			runOnlyForDeploymentPostprocessing = 0;
		};
/* End PBXResourcesBuildPhase section */

/* Begin PBXSourcesBuildPhase section */
		A5F35D8F22C0E15200FFD858 /* Sources */ = {
			isa = PBXSourcesBuildPhase;
			buildActionMask = 2147483647;
			files = (
				A5F35D9922C0E15200FFD858 /* ViewController.swift in Sources */,
				A5F35DA922C0E1E300FFD858 /* BottomSlideMenuViewController.swift in Sources */,
				A5F35D9722C0E15200FFD858 /* AppDelegate.swift in Sources */,
				A5F35DB222C35EAD00FFD858 /* BottomSlideMenu.swift in Sources */,
			);
			runOnlyForDeploymentPostprocessing = 0;
		};
/* End PBXSourcesBuildPhase section */

/* Begin PBXVariantGroup section */
		A5F35D9F22C0E15500FFD858 /* LaunchScreen.storyboard */ = {
			isa = PBXVariantGroup;
			children = (
				A5F35DA022C0E15500FFD858 /* Base */,
			);
			name = LaunchScreen.storyboard;
			sourceTree = "<group>";
		};
		A5F35DAC22C0F2BE00FFD858 /* Main.storyboard */ = {
			isa = PBXVariantGroup;
			children = (
				A5F35DAD22C0F2BE00FFD858 /* Base */,
			);
			name = Main.storyboard;
			sourceTree = "<group>";
		};
/* End PBXVariantGroup section */

/* Begin XCBuildConfiguration section */
		A5F35DA322C0E15500FFD858 /* Debug */ = {
			isa = XCBuildConfiguration;
			buildSettings = {
				ALWAYS_SEARCH_USER_PATHS = NO;
				CLANG_ANALYZER_NONNULL = YES;
				CLANG_ANALYZER_NUMBER_OBJECT_CONVERSION = YES_AGGRESSIVE;
				CLANG_CXX_LANGUAGE_STANDARD = "gnu++14";
				CLANG_CXX_LIBRARY = "libc++";
				CLANG_ENABLE_MODULES = YES;
				CLANG_ENABLE_OBJC_ARC = YES;
				CLANG_ENABLE_OBJC_WEAK = YES;
				CLANG_WARN_BLOCK_CAPTURE_AUTORELEASING = YES;
				CLANG_WARN_BOOL_CONVERSION = YES;
				CLANG_WARN_COMMA = YES;
				CLANG_WARN_CONSTANT_CONVERSION = YES;
				CLANG_WARN_DEPRECATED_OBJC_IMPLEMENTATIONS = YES;
				CLANG_WARN_DIRECT_OBJC_ISA_USAGE = YES_ERROR;
				CLANG_WARN_DOCUMENTATION_COMMENTS = YES;
				CLANG_WARN_EMPTY_BODY = YES;
				CLANG_WARN_ENUM_CONVERSION = YES;
				CLANG_WARN_INFINITE_RECURSION = YES;
				CLANG_WARN_INT_CONVERSION = YES;
				CLANG_WARN_NON_LITERAL_NULL_CONVERSION = YES;
				CLANG_WARN_OBJC_IMPLICIT_RETAIN_SELF = YES;
				CLANG_WARN_OBJC_LITERAL_CONVERSION = YES;
				CLANG_WARN_OBJC_ROOT_CLASS = YES_ERROR;
				CLANG_WARN_RANGE_LOOP_ANALYSIS = YES;
				CLANG_WARN_STRICT_PROTOTYPES = YES;
				CLANG_WARN_SUSPICIOUS_MOVE = YES;
				CLANG_WARN_UNGUARDED_AVAILABILITY = YES_AGGRESSIVE;
				CLANG_WARN_UNREACHABLE_CODE = YES;
				CLANG_WARN__DUPLICATE_METHOD_MATCH = YES;
				CODE_SIGN_IDENTITY = "iPhone Developer";
				COPY_PHASE_STRIP = NO;
				DEBUG_INFORMATION_FORMAT = dwarf;
				ENABLE_STRICT_OBJC_MSGSEND = YES;
				ENABLE_TESTABILITY = YES;
				GCC_C_LANGUAGE_STANDARD = gnu11;
				GCC_DYNAMIC_NO_PIC = NO;
				GCC_NO_COMMON_BLOCKS = YES;
				GCC_OPTIMIZATION_LEVEL = 0;
				GCC_PREPROCESSOR_DEFINITIONS = (
					"DEBUG=1",
					"$(inherited)",
				);
				GCC_WARN_64_TO_32_BIT_CONVERSION = YES;
				GCC_WARN_ABOUT_RETURN_TYPE = YES_ERROR;
				GCC_WARN_UNDECLARED_SELECTOR = YES;
				GCC_WARN_UNINITIALIZED_AUTOS = YES_AGGRESSIVE;
				GCC_WARN_UNUSED_FUNCTION = YES;
				GCC_WARN_UNUSED_VARIABLE = YES;
				IPHONEOS_DEPLOYMENT_TARGET = 12.2;
				MTL_ENABLE_DEBUG_INFO = INCLUDE_SOURCE;
				MTL_FAST_MATH = YES;
				ONLY_ACTIVE_ARCH = YES;
				SDKROOT = iphoneos;
				SWIFT_ACTIVE_COMPILATION_CONDITIONS = DEBUG;
				SWIFT_OPTIMIZATION_LEVEL = "-Onone";
			};
			name = Debug;
		};
		A5F35DA422C0E15500FFD858 /* Release */ = {
			isa = XCBuildConfiguration;
			buildSettings = {
				ALWAYS_SEARCH_USER_PATHS = NO;
				CLANG_ANALYZER_NONNULL = YES;
				CLANG_ANALYZER_NUMBER_OBJECT_CONVERSION = YES_AGGRESSIVE;
				CLANG_CXX_LANGUAGE_STANDARD = "gnu++14";
				CLANG_CXX_LIBRARY = "libc++";
				CLANG_ENABLE_MODULES = YES;
				CLANG_ENABLE_OBJC_ARC = YES;
				CLANG_ENABLE_OBJC_WEAK = YES;
				CLANG_WARN_BLOCK_CAPTURE_AUTORELEASING = YES;
				CLANG_WARN_BOOL_CONVERSION = YES;
				CLANG_WARN_COMMA = YES;
				CLANG_WARN_CONSTANT_CONVERSION = YES;
				CLANG_WARN_DEPRECATED_OBJC_IMPLEMENTATIONS = YES;
				CLANG_WARN_DIRECT_OBJC_ISA_USAGE = YES_ERROR;
				CLANG_WARN_DOCUMENTATION_COMMENTS = YES;
				CLANG_WARN_EMPTY_BODY = YES;
				CLANG_WARN_ENUM_CONVERSION = YES;
				CLANG_WARN_INFINITE_RECURSION = YES;
				CLANG_WARN_INT_CONVERSION = YES;
				CLANG_WARN_NON_LITERAL_NULL_CONVERSION = YES;
				CLANG_WARN_OBJC_IMPLICIT_RETAIN_SELF = YES;
				CLANG_WARN_OBJC_LITERAL_CONVERSION = YES;
				CLANG_WARN_OBJC_ROOT_CLASS = YES_ERROR;
				CLANG_WARN_RANGE_LOOP_ANALYSIS = YES;
				CLANG_WARN_STRICT_PROTOTYPES = YES;
				CLANG_WARN_SUSPICIOUS_MOVE = YES;
				CLANG_WARN_UNGUARDED_AVAILABILITY = YES_AGGRESSIVE;
				CLANG_WARN_UNREACHABLE_CODE = YES;
				CLANG_WARN__DUPLICATE_METHOD_MATCH = YES;
				CODE_SIGN_IDENTITY = "iPhone Developer";
				COPY_PHASE_STRIP = NO;
				DEBUG_INFORMATION_FORMAT = "dwarf-with-dsym";
				ENABLE_NS_ASSERTIONS = NO;
				ENABLE_STRICT_OBJC_MSGSEND = YES;
				GCC_C_LANGUAGE_STANDARD = gnu11;
				GCC_NO_COMMON_BLOCKS = YES;
				GCC_WARN_64_TO_32_BIT_CONVERSION = YES;
				GCC_WARN_ABOUT_RETURN_TYPE = YES_ERROR;
				GCC_WARN_UNDECLARED_SELECTOR = YES;
				GCC_WARN_UNINITIALIZED_AUTOS = YES_AGGRESSIVE;
				GCC_WARN_UNUSED_FUNCTION = YES;
				GCC_WARN_UNUSED_VARIABLE = YES;
				IPHONEOS_DEPLOYMENT_TARGET = 12.2;
				MTL_ENABLE_DEBUG_INFO = NO;
				MTL_FAST_MATH = YES;
				SDKROOT = iphoneos;
				SWIFT_COMPILATION_MODE = wholemodule;
				SWIFT_OPTIMIZATION_LEVEL = "-O";
				VALIDATE_PRODUCT = YES;
			};
			name = Release;
		};
		A5F35DA622C0E15500FFD858 /* Debug */ = {
			isa = XCBuildConfiguration;
			buildSettings = {
				ASSETCATALOG_COMPILER_APPICON_NAME = AppIcon;
				CODE_SIGN_STYLE = Automatic;
				DEVELOPMENT_TEAM = 7DM5DKMVJ3;
				INFOPLIST_FILE = BottomSlideMenu/Info.plist;
				LD_RUNPATH_SEARCH_PATHS = (
					"$(inherited)",
					"@executable_path/Frameworks",
				);
				PRODUCT_BUNDLE_IDENTIFIER = EndoTools.BottomSlideMenu;
				PRODUCT_NAME = "$(TARGET_NAME)";
				SWIFT_VERSION = 5.0;
				TARGETED_DEVICE_FAMILY = "1,2";
			};
			name = Debug;
		};
		A5F35DA722C0E15500FFD858 /* Release */ = {
			isa = XCBuildConfiguration;
			buildSettings = {
				ASSETCATALOG_COMPILER_APPICON_NAME = AppIcon;
				CODE_SIGN_STYLE = Automatic;
				DEVELOPMENT_TEAM = 7DM5DKMVJ3;
				INFOPLIST_FILE = BottomSlideMenu/Info.plist;
				LD_RUNPATH_SEARCH_PATHS = (
					"$(inherited)",
					"@executable_path/Frameworks",
				);
				PRODUCT_BUNDLE_IDENTIFIER = EndoTools.BottomSlideMenu;
				PRODUCT_NAME = "$(TARGET_NAME)";
				SWIFT_VERSION = 5.0;
				TARGETED_DEVICE_FAMILY = "1,2";
			};
			name = Release;
		};
/* End XCBuildConfiguration section */

/* Begin XCConfigurationList section */
		A5F35D8E22C0E15200FFD858 /* Build configuration list for PBXProject "BottomSlideMenu" */ = {
			isa = XCConfigurationList;
			buildConfigurations = (
				A5F35DA322C0E15500FFD858 /* Debug */,
				A5F35DA422C0E15500FFD858 /* Release */,
			);
			defaultConfigurationIsVisible = 0;
			defaultConfigurationName = Release;
		};
		A5F35DA522C0E15500FFD858 /* Build configuration list for PBXNativeTarget "BottomSlideMenu" */ = {
			isa = XCConfigurationList;
			buildConfigurations = (
				A5F35DA622C0E15500FFD858 /* Debug */,
				A5F35DA722C0E15500FFD858 /* Release */,
			);
			defaultConfigurationIsVisible = 0;
			defaultConfigurationName = Release;
		};
/* End XCConfigurationList section */
	};
	rootObject = A5F35D8B22C0E15200FFD858 /* Project object */;
}
